
Microsoft Visual Studio Solution File, Format Version 12.00
# Visual Studio Version 17
VisualStudioVersion = 17.12.35527.113 d17.12
MinimumVisualStudioVersion = 10.0.40219.1
Project("{FAE04EC0-301F-11D3-BF4B-00C04F79EFBC}") = "ASSIGNMENT_PRN", "ASSIGNMENT_PRN\ASSIGNMENT_PRN.csproj", "{69F2052A-658F-4B79-8939-BD1ED326D6C5}"
EndProject
Project("{FAE04EC0-301F-11D3-BF4B-00C04F79EFBC}") = "BusinessObjects", "BusinessObjects\BusinessObjects.csproj", "{F4A91663-DCA4-4054-9732-089F2A133A26}"
EndProject
Project("{FAE04EC0-301F-11D3-BF4B-00C04F79EFBC}") = "DataAccess", "DataAccess\DataAccess.csproj", "{52A2A806-E17B-4CAD-B1B2-940B76D538F7}"
EndProject
Project("{FAE04EC0-301F-11D3-BF4B-00C04F79EFBC}") = "Repositories", "Repositories\Repositories.csproj", "{BB25E004-8E28-485B-98F7-02A2A4CCBC62}"
EndProject
Global
	GlobalSection(SolutionConfigurationPlatforms) = preSolution
		Debug|Any CPU = Debug|Any CPU
		Release|Any CPU = Release|Any CPU
	EndGlobalSection
	GlobalSection(ProjectConfigurationPlatforms) = postSolution
		{69F2052A-658F-4B79-8939-BD1ED326D6C5}.Debug|Any CPU.ActiveCfg = Debug|Any CPU
		{69F2052A-658F-4B79-8939-BD1ED326D6C5}.Debug|Any CPU.Build.0 = Debug|Any CPU
		{69F2052A-658F-4B79-8939-BD1ED326D6C5}.Release|Any CPU.ActiveCfg = Release|Any CPU
		{69F2052A-658F-4B79-8939-BD1ED326D6C5}.Release|Any CPU.Build.0 = Release|Any CPU
		{F4A91663-DCA4-4054-9732-089F2A133A26}.Debug|Any CPU.ActiveCfg = Debug|Any CPU
		{F4A91663-DCA4-4054-9732-089F2A133A26}.Debug|Any CPU.Build.0 = Debug|Any CPU
		{F4A91663-DCA4-4054-9732-089F2A133A26}.Release|Any CPU.ActiveCfg = Release|Any CPU
		{F4A91663-DCA4-4054-9732-089F2A133A26}.Release|Any CPU.Build.0 = Release|Any CPU
		{52A2A806-E17B-4CAD-B1B2-940B76D538F7}.Debug|Any CPU.ActiveCfg = Debug|Any CPU
		{52A2A806-E17B-4CAD-B1B2-940B76D538F7}.Debug|Any CPU.Build.0 = Debug|Any CPU
		{52A2A806-E17B-4CAD-B1B2-940B76D538F7}.Release|Any CPU.ActiveCfg = Release|Any CPU
		{52A2A806-E17B-4CAD-B1B2-940B76D538F7}.Release|Any CPU.Build.0 = Release|Any CPU
		{BB25E004-8E28-485B-98F7-02A2A4CCBC62}.Debug|Any CPU.ActiveCfg = Debug|Any CPU
		{BB25E004-8E28-485B-98F7-02A2A4CCBC62}.Debug|Any CPU.Build.0 = Debug|Any CPU
		{BB25E004-8E28-485B-98F7-02A2A4CCBC62}.Release|Any CPU.ActiveCfg = Release|Any CPU
		{BB25E004-8E28-485B-98F7-02A2A4CCBC62}.Release|Any CPU.Build.0 = Release|Any CPU
	EndGlobalSection
	GlobalSection(SolutionProperties) = preSolution
		HideSolutionNode = FALSE
	EndGlobalSection
EndGlobal
